
Microsoft Visual Studio Solution File, Format Version 12.00
# Visual Studio Version 17
VisualStudioVersion = 17.1.32210.238
MinimumVisualStudioVersion = 10.0.40219.1
Project("{9A19103F-16F7-4668-BE54-9A1E7A4F7556}") = "tin-tack", "tin-tack.csproj", "{B96DE23C-62C6-4177-BC7C-77816740E3A1}"
EndProject
Global
	GlobalSection(SolutionConfigurationPlatforms) = preSolution
		Debug|Any CPU = Debug|Any CPU
		Release|Any CPU = Release|Any CPU
	EndGlobalSection
	GlobalSection(ProjectConfigurationPlatforms) = postSolution
		{B96DE23C-62C6-4177-BC7C-77816740E3A1}.Debug|Any CPU.ActiveCfg = Debug|Any CPU
		{B96DE23C-62C6-4177-BC7C-77816740E3A1}.Debug|Any CPU.Build.0 = Debug|Any CPU
		{B96DE23C-62C6-4177-BC7C-77816740E3A1}.Release|Any CPU.ActiveCfg = Release|Any CPU
		{B96DE23C-62C6-4177-BC7C-77816740E3A1}.Release|Any CPU.Build.0 = Release|Any CPU
	EndGlobalSection
	GlobalSection(SolutionProperties) = preSolution
		HideSolutionNode = FALSE
	EndGlobalSection
	GlobalSection(ExtensibilityGlobals) = postSolution
		SolutionGuid = {8DEBBA4E-7A46-4B9D-B63F-EB2E9DAAEE0C}
	EndGlobalSection
EndGlobal
